// !$*UTF8*$!
{
	archiveVersion = 1;
	classes = {
	};
	objectVersion = 56;
	objects = {

/* Begin PBXFileReference section */
		757EF6B12BA18076005D6DE7 /* main.cpp */ = {isa = PBXFileReference; lastKnownFileType = sourcecode.cpp.cpp; path = main.cpp; sourceTree = "<group>"; };
		757EF6B22BA18076005D6DE7 /* main.hpp */ = {isa = PBXFileReference; lastKnownFileType = sourcecode.cpp.h; path = main.hpp; sourceTree = "<group>"; };
/* End PBXFileReference section */

/* Begin PBXGroup section */
		757EF6AA2BA18057005D6DE7 = {
			isa = PBXGroup;
			children = (
				757EF6B12BA18076005D6DE7 /* main.cpp */,
				757EF6B22BA18076005D6DE7 /* main.hpp */,
			);
			sourceTree = "<group>";
		};
/* End PBXGroup section */

/* Begin PBXProject section */
		757EF6AB2BA18057005D6DE7 /* Project object */ = {
			isa = PBXProject;
			attributes = {
				BuildIndependentTargetsInParallel = 1;
				LastUpgradeCheck = 1500;
			};
			buildConfigurationList = 757EF6AE2BA18057005D6DE7 /* Build configuration list for PBXProject "baekjoon" */;
			compatibilityVersion = "Xcode 14.0";
			developmentRegion = en;
			hasScannedForEncodings = 0;
			knownRegions = (
				en,
				Base,
			);
			mainGroup = 757EF6AA2BA18057005D6DE7;
			projectDirPath = "";
			projectRoot = "";
			targets = (
			);
		};
/* End PBXProject section */

/* Begin XCBuildConfiguration section */
		757EF6AF2BA18057005D6DE7 /* Debug */ = {
			isa = XCBuildConfiguration;
			buildSettings = {
			};
			name = Debug;
		};
		757EF6B02BA18057005D6DE7 /* Release */ = {
			isa = XCBuildConfiguration;
			buildSettings = {
			};
			name = Release;
		};
/* End XCBuildConfiguration section */

/* Begin XCConfigurationList section */
		757EF6AE2BA18057005D6DE7 /* Build configuration list for PBXProject "baekjoon" */ = {
			isa = XCConfigurationList;
			buildConfigurations = (
				757EF6AF2BA18057005D6DE7 /* Debug */,
				757EF6B02BA18057005D6DE7 /* Release */,
			);
			defaultConfigurationIsVisible = 0;
			defaultConfigurationName = Release;
		};
/* End XCConfigurationList section */
	};
	rootObject = 757EF6AB2BA18057005D6DE7 /* Project object */;
}
